
Microsoft Visual Studio Solution File, Format Version 12.00
# Visual Studio Version 16
VisualStudioVersion = 16.0.31729.503
MinimumVisualStudioVersion = 10.0.40219.1
Project("{FAE04EC0-301F-11D3-BF4B-00C04F79EFBC}") = "azure-synapse-sqlclient-console", "azure-synapse-sqlclient-console.csproj", "{9AE59367-6C6D-4E39-A1F5-40919B01DF69}"
EndProject
Global
	GlobalSection(SolutionConfigurationPlatforms) = preSolution
		Debug|Any CPU = Debug|Any CPU
		Release|Any CPU = Release|Any CPU
	EndGlobalSection
	GlobalSection(ProjectConfigurationPlatforms) = postSolution
		{9AE59367-6C6D-4E39-A1F5-40919B01DF69}.Debug|Any CPU.ActiveCfg = Debug|Any CPU
		{9AE59367-6C6D-4E39-A1F5-40919B01DF69}.Debug|Any CPU.Build.0 = Debug|Any CPU
		{9AE59367-6C6D-4E39-A1F5-40919B01DF69}.Release|Any CPU.ActiveCfg = Release|Any CPU
		{9AE59367-6C6D-4E39-A1F5-40919B01DF69}.Release|Any CPU.Build.0 = Release|Any CPU
	EndGlobalSection
	GlobalSection(SolutionProperties) = preSolution
		HideSolutionNode = FALSE
	EndGlobalSection
	GlobalSection(ExtensibilityGlobals) = postSolution
		SolutionGuid = {7844E392-E780-4961-8ABF-768B17DDB08D}
	EndGlobalSection
EndGlobal
